
Microsoft Visual Studio Solution File, Format Version 12.00
# Visual Studio Version 17
VisualStudioVersion = 17.6.33723.286
MinimumVisualStudioVersion = 10.0.40219.1
Project("{FAE04EC0-301F-11D3-BF4B-00C04F79EFBC}") = "Area and Circumference", "Area and Circumference\Area and Circumference.csproj", "{8E3004A2-96EB-4F54-89DF-8721DE30EBDA}"
EndProject
Global
	GlobalSection(SolutionConfigurationPlatforms) = preSolution
		Debug|Any CPU = Debug|Any CPU
		Release|Any CPU = Release|Any CPU
	EndGlobalSection
	GlobalSection(ProjectConfigurationPlatforms) = postSolution
		{8E3004A2-96EB-4F54-89DF-8721DE30EBDA}.Debug|Any CPU.ActiveCfg = Debug|Any CPU
		{8E3004A2-96EB-4F54-89DF-8721DE30EBDA}.Debug|Any CPU.Build.0 = Debug|Any CPU
		{8E3004A2-96EB-4F54-89DF-8721DE30EBDA}.Release|Any CPU.ActiveCfg = Release|Any CPU
		{8E3004A2-96EB-4F54-89DF-8721DE30EBDA}.Release|Any CPU.Build.0 = Release|Any CPU
	EndGlobalSection
	GlobalSection(SolutionProperties) = preSolution
		HideSolutionNode = FALSE
	EndGlobalSection
	GlobalSection(ExtensibilityGlobals) = postSolution
		SolutionGuid = {DD0FD851-E16B-4983-BD52-BB52432007B2}
	EndGlobalSection
EndGlobal
