
Microsoft Visual Studio Solution File, Format Version 12.00
# Visual Studio Version 17
VisualStudioVersion = 17.6.33723.286
MinimumVisualStudioVersion = 10.0.40219.1
Project("{FAE04EC0-301F-11D3-BF4B-00C04F79EFBC}") = "Kilometers to Meters Parameters and Return", "Kilometers to Meters Parameters and Return\Kilometers to Meters Parameters and Return.csproj", "{4AF64DC9-70B7-4316-8A4E-90A17F2DB83B}"
EndProject
Global
	GlobalSection(SolutionConfigurationPlatforms) = preSolution
		Debug|Any CPU = Debug|Any CPU
		Release|Any CPU = Release|Any CPU
	EndGlobalSection
	GlobalSection(ProjectConfigurationPlatforms) = postSolution
		{4AF64DC9-70B7-4316-8A4E-90A17F2DB83B}.Debug|Any CPU.ActiveCfg = Debug|Any CPU
		{4AF64DC9-70B7-4316-8A4E-90A17F2DB83B}.Debug|Any CPU.Build.0 = Debug|Any CPU
		{4AF64DC9-70B7-4316-8A4E-90A17F2DB83B}.Release|Any CPU.ActiveCfg = Release|Any CPU
		{4AF64DC9-70B7-4316-8A4E-90A17F2DB83B}.Release|Any CPU.Build.0 = Release|Any CPU
	EndGlobalSection
	GlobalSection(SolutionProperties) = preSolution
		HideSolutionNode = FALSE
	EndGlobalSection
	GlobalSection(ExtensibilityGlobals) = postSolution
		SolutionGuid = {2F92057D-6EE4-4A18-BD94-BE75BB032ACC}
	EndGlobalSection
EndGlobal
