
Microsoft Visual Studio Solution File, Format Version 12.00
# Visual Studio Version 17
VisualStudioVersion = 17.6.33723.286
MinimumVisualStudioVersion = 10.0.40219.1
Project("{FAE04EC0-301F-11D3-BF4B-00C04F79EFBC}") = "Inheritance Question 2", "Inheritance Question 2\Inheritance Question 2.csproj", "{21DA6714-0280-4C83-A54C-F9745E9F4802}"
EndProject
Global
	GlobalSection(SolutionConfigurationPlatforms) = preSolution
		Debug|Any CPU = Debug|Any CPU
		Release|Any CPU = Release|Any CPU
	EndGlobalSection
	GlobalSection(ProjectConfigurationPlatforms) = postSolution
		{21DA6714-0280-4C83-A54C-F9745E9F4802}.Debug|Any CPU.ActiveCfg = Debug|Any CPU
		{21DA6714-0280-4C83-A54C-F9745E9F4802}.Debug|Any CPU.Build.0 = Debug|Any CPU
		{21DA6714-0280-4C83-A54C-F9745E9F4802}.Release|Any CPU.ActiveCfg = Release|Any CPU
		{21DA6714-0280-4C83-A54C-F9745E9F4802}.Release|Any CPU.Build.0 = Release|Any CPU
	EndGlobalSection
	GlobalSection(SolutionProperties) = preSolution
		HideSolutionNode = FALSE
	EndGlobalSection
	GlobalSection(ExtensibilityGlobals) = postSolution
		SolutionGuid = {2B0D7950-12D4-437F-8E02-DEAE2C8A3CA3}
	EndGlobalSection
EndGlobal
